
Microsoft Visual Studio Solution File, Format Version 12.00
# Visual Studio 15
VisualStudioVersion = 15.0.27428.2037
MinimumVisualStudioVersion = 10.0.40219.1
Project("{FAE04EC0-301F-11D3-BF4B-00C04F79EFBC}") = "utsuge.Android", "utsuge\utsuge.Android\utsuge.Android.csproj", "{AFC5D80E-545D-4C5D-8081-AC01705ADA7A}"
EndProject
Project("{FAE04EC0-301F-11D3-BF4B-00C04F79EFBC}") = "utsuge.iOS", "utsuge\utsuge.iOS\utsuge.iOS.csproj", "{8A5FAAD7-0205-49F0-8C40-01D4EE62E294}"
EndProject
Project("{FAE04EC0-301F-11D3-BF4B-00C04F79EFBC}") = "utsuge.UWP", "utsuge\utsuge.UWP\utsuge.UWP.csproj", "{481625F2-D494-4606-9AEE-51726F678808}"
EndProject
Project("{FAE04EC0-301F-11D3-BF4B-00C04F79EFBC}") = "utsuge", "utsuge\utsuge\utsuge.csproj", "{F6B2E2CE-EC1B-45F4-B816-750FFA818C71}"
EndProject
Global
	GlobalSection(SolutionConfigurationPlatforms) = preSolution
		Ad-Hoc|Any CPU = Ad-Hoc|Any CPU
		Ad-Hoc|ARM = Ad-Hoc|ARM
		Ad-Hoc|iPhone = Ad-Hoc|iPhone
		Ad-Hoc|iPhoneSimulator = Ad-Hoc|iPhoneSimulator
		Ad-Hoc|x64 = Ad-Hoc|x64
		Ad-Hoc|x86 = Ad-Hoc|x86
		AppStore|Any CPU = AppStore|Any CPU
		AppStore|ARM = AppStore|ARM
		AppStore|iPhone = AppStore|iPhone
		AppStore|iPhoneSimulator = AppStore|iPhoneSimulator
		AppStore|x64 = AppStore|x64
		AppStore|x86 = AppStore|x86
		Debug|Any CPU = Debug|Any CPU
		Debug|ARM = Debug|ARM
		Debug|iPhone = Debug|iPhone
		Debug|iPhoneSimulator = Debug|iPhoneSimulator
		Debug|x64 = Debug|x64
		Debug|x86 = Debug|x86
		Release|Any CPU = Release|Any CPU
		Release|ARM = Release|ARM
		Release|iPhone = Release|iPhone
		Release|iPhoneSimulator = Release|iPhoneSimulator
		Release|x64 = Release|x64
		Release|x86 = Release|x86
	EndGlobalSection
	GlobalSection(ProjectConfigurationPlatforms) = postSolution
		{AFC5D80E-545D-4C5D-8081-AC01705ADA7A}.Ad-Hoc|Any CPU.ActiveCfg = Release|Any CPU
		{AFC5D80E-545D-4C5D-8081-AC01705ADA7A}.Ad-Hoc|Any CPU.Build.0 = Release|Any CPU
		{AFC5D80E-545D-4C5D-8081-AC01705ADA7A}.Ad-Hoc|Any CPU.Deploy.0 = Release|Any CPU
		{AFC5D80E-545D-4C5D-8081-AC01705ADA7A}.Ad-Hoc|ARM.ActiveCfg = Release|Any CPU
		{AFC5D80E-545D-4C5D-8081-AC01705ADA7A}.Ad-Hoc|ARM.Build.0 = Release|Any CPU
		{AFC5D80E-545D-4C5D-8081-AC01705ADA7A}.Ad-Hoc|ARM.Deploy.0 = Release|Any CPU
		{AFC5D80E-545D-4C5D-8081-AC01705ADA7A}.Ad-Hoc|iPhone.ActiveCfg = Release|Any CPU
		{AFC5D80E-545D-4C5D-8081-AC01705ADA7A}.Ad-Hoc|iPhone.Build.0 = Release|Any CPU
		{AFC5D80E-545D-4C5D-8081-AC01705ADA7A}.Ad-Hoc|iPhone.Deploy.0 = Release|Any CPU
		{AFC5D80E-545D-4C5D-8081-AC01705ADA7A}.Ad-Hoc|iPhoneSimulator.ActiveCfg = Release|Any CPU
		{AFC5D80E-545D-4C5D-8081-AC01705ADA7A}.Ad-Hoc|iPhoneSimulator.Build.0 = Release|Any CPU
		{AFC5D80E-545D-4C5D-8081-AC01705ADA7A}.Ad-Hoc|iPhoneSimulator.Deploy.0 = Release|Any CPU
		{AFC5D80E-545D-4C5D-8081-AC01705ADA7A}.Ad-Hoc|x64.ActiveCfg = Release|Any CPU
		{AFC5D80E-545D-4C5D-8081-AC01705ADA7A}.Ad-Hoc|x64.Build.0 = Release|Any CPU
		{AFC5D80E-545D-4C5D-8081-AC01705ADA7A}.Ad-Hoc|x64.Deploy.0 = Release|Any CPU
		{AFC5D80E-545D-4C5D-8081-AC01705ADA7A}.Ad-Hoc|x86.ActiveCfg = Release|Any CPU
		{AFC5D80E-545D-4C5D-8081-AC01705ADA7A}.Ad-Hoc|x86.Build.0 = Release|Any CPU
		{AFC5D80E-545D-4C5D-8081-AC01705ADA7A}.Ad-Hoc|x86.Deploy.0 = Release|Any CPU
		{AFC5D80E-545D-4C5D-8081-AC01705ADA7A}.AppStore|Any CPU.ActiveCfg = Release|Any CPU
		{AFC5D80E-545D-4C5D-8081-AC01705ADA7A}.AppStore|Any CPU.Build.0 = Release|Any CPU
		{AFC5D80E-545D-4C5D-8081-AC01705ADA7A}.AppStore|Any CPU.Deploy.0 = Release|Any CPU
		{AFC5D80E-545D-4C5D-8081-AC01705ADA7A}.AppStore|ARM.ActiveCfg = Release|Any CPU
		{AFC5D80E-545D-4C5D-8081-AC01705ADA7A}.AppStore|ARM.Build.0 = Release|Any CPU
		{AFC5D80E-545D-4C5D-8081-AC01705ADA7A}.AppStore|ARM.Deploy.0 = Release|Any CPU
		{AFC5D80E-545D-4C5D-8081-AC01705ADA7A}.AppStore|iPhone.ActiveCfg = Release|Any CPU
		{AFC5D80E-545D-4C5D-8081-AC01705ADA7A}.AppStore|iPhone.Build.0 = Release|Any CPU
		{AFC5D80E-545D-4C5D-8081-AC01705ADA7A}.AppStore|iPhone.Deploy.0 = Release|Any CPU
		{AFC5D80E-545D-4C5D-8081-AC01705ADA7A}.AppStore|iPhoneSimulator.ActiveCfg = Release|Any CPU
		{AFC5D80E-545D-4C5D-8081-AC01705ADA7A}.AppStore|iPhoneSimulator.Build.0 = Release|Any CPU
		{AFC5D80E-545D-4C5D-8081-AC01705ADA7A}.AppStore|iPhoneSimulator.Deploy.0 = Release|Any CPU
		{AFC5D80E-545D-4C5D-8081-AC01705ADA7A}.AppStore|x64.ActiveCfg = Release|Any CPU
		{AFC5D80E-545D-4C5D-8081-AC01705ADA7A}.AppStore|x64.Build.0 = Release|Any CPU
		{AFC5D80E-545D-4C5D-8081-AC01705ADA7A}.AppStore|x64.Deploy.0 = Release|Any CPU
		{AFC5D80E-545D-4C5D-8081-AC01705ADA7A}.AppStore|x86.ActiveCfg = Release|Any CPU
		{AFC5D80E-545D-4C5D-8081-AC01705ADA7A}.AppStore|x86.Build.0 = Release|Any CPU
		{AFC5D80E-545D-4C5D-8081-AC01705ADA7A}.AppStore|x86.Deploy.0 = Release|Any CPU
		{AFC5D80E-545D-4C5D-8081-AC01705ADA7A}.Debug|Any CPU.ActiveCfg = Debug|Any CPU
		{AFC5D80E-545D-4C5D-8081-AC01705ADA7A}.Debug|Any CPU.Build.0 = Debug|Any CPU
		{AFC5D80E-545D-4C5D-8081-AC01705ADA7A}.Debug|Any CPU.Deploy.0 = Debug|Any CPU
		{AFC5D80E-545D-4C5D-8081-AC01705ADA7A}.Debug|ARM.ActiveCfg = Debug|Any CPU
		{AFC5D80E-545D-4C5D-8081-AC01705ADA7A}.Debug|ARM.Build.0 = Debug|Any CPU
		{AFC5D80E-545D-4C5D-8081-AC01705ADA7A}.Debug|ARM.Deploy.0 = Debug|Any CPU
		{AFC5D80E-545D-4C5D-8081-AC01705ADA7A}.Debug|iPhone.ActiveCfg = Debug|Any CPU
		{AFC5D80E-545D-4C5D-8081-AC01705ADA7A}.Debug|iPhone.Build.0 = Debug|Any CPU
		{AFC5D80E-545D-4C5D-8081-AC01705ADA7A}.Debug|iPhone.Deploy.0 = Debug|Any CPU
		{AFC5D80E-545D-4C5D-8081-AC01705ADA7A}.Debug|iPhoneSimulator.ActiveCfg = Debug|Any CPU
		{AFC5D80E-545D-4C5D-8081-AC01705ADA7A}.Debug|iPhoneSimulator.Build.0 = Debug|Any CPU
		{AFC5D80E-545D-4C5D-8081-AC01705ADA7A}.Debug|iPhoneSimulator.Deploy.0 = Debug|Any CPU
		{AFC5D80E-545D-4C5D-8081-AC01705ADA7A}.Debug|x64.ActiveCfg = Debug|Any CPU
		{AFC5D80E-545D-4C5D-8081-AC01705ADA7A}.Debug|x64.Build.0 = Debug|Any CPU
		{AFC5D80E-545D-4C5D-8081-AC01705ADA7A}.Debug|x64.Deploy.0 = Debug|Any CPU
		{AFC5D80E-545D-4C5D-8081-AC01705ADA7A}.Debug|x86.ActiveCfg = Debug|Any CPU
		{AFC5D80E-545D-4C5D-8081-AC01705ADA7A}.Debug|x86.Build.0 = Debug|Any CPU
		{AFC5D80E-545D-4C5D-8081-AC01705ADA7A}.Debug|x86.Deploy.0 = Debug|Any CPU
		{AFC5D80E-545D-4C5D-8081-AC01705ADA7A}.Release|Any CPU.ActiveCfg = Release|Any CPU
		{AFC5D80E-545D-4C5D-8081-AC01705ADA7A}.Release|Any CPU.Build.0 = Release|Any CPU
		{AFC5D80E-545D-4C5D-8081-AC01705ADA7A}.Release|Any CPU.Deploy.0 = Release|Any CPU
		{AFC5D80E-545D-4C5D-8081-AC01705ADA7A}.Release|ARM.ActiveCfg = Release|Any CPU
		{AFC5D80E-545D-4C5D-8081-AC01705ADA7A}.Release|ARM.Build.0 = Release|Any CPU
		{AFC5D80E-545D-4C5D-8081-AC01705ADA7A}.Release|ARM.Deploy.0 = Release|Any CPU
		{AFC5D80E-545D-4C5D-8081-AC01705ADA7A}.Release|iPhone.ActiveCfg = Release|Any CPU
		{AFC5D80E-545D-4C5D-8081-AC01705ADA7A}.Release|iPhone.Build.0 = Release|Any CPU
		{AFC5D80E-545D-4C5D-8081-AC01705ADA7A}.Release|iPhone.Deploy.0 = Release|Any CPU
		{AFC5D80E-545D-4C5D-8081-AC01705ADA7A}.Release|iPhoneSimulator.ActiveCfg = Release|Any CPU
		{AFC5D80E-545D-4C5D-8081-AC01705ADA7A}.Release|iPhoneSimulator.Build.0 = Release|Any CPU
		{AFC5D80E-545D-4C5D-8081-AC01705ADA7A}.Release|iPhoneSimulator.Deploy.0 = Release|Any CPU
		{AFC5D80E-545D-4C5D-8081-AC01705ADA7A}.Release|x64.ActiveCfg = Release|Any CPU
		{AFC5D80E-545D-4C5D-8081-AC01705ADA7A}.Release|x64.Build.0 = Release|Any CPU
		{AFC5D80E-545D-4C5D-8081-AC01705ADA7A}.Release|x64.Deploy.0 = Release|Any CPU
		{AFC5D80E-545D-4C5D-8081-AC01705ADA7A}.Release|x86.ActiveCfg = Release|Any CPU
		{AFC5D80E-545D-4C5D-8081-AC01705ADA7A}.Release|x86.Build.0 = Release|Any CPU
		{AFC5D80E-545D-4C5D-8081-AC01705ADA7A}.Release|x86.Deploy.0 = Release|Any CPU
		{8A5FAAD7-0205-49F0-8C40-01D4EE62E294}.Ad-Hoc|Any CPU.ActiveCfg = Ad-Hoc|iPhone
		{8A5FAAD7-0205-49F0-8C40-01D4EE62E294}.Ad-Hoc|ARM.ActiveCfg = Ad-Hoc|iPhone
		{8A5FAAD7-0205-49F0-8C40-01D4EE62E294}.Ad-Hoc|iPhone.ActiveCfg = Ad-Hoc|iPhone
		{8A5FAAD7-0205-49F0-8C40-01D4EE62E294}.Ad-Hoc|iPhone.Build.0 = Ad-Hoc|iPhone
		{8A5FAAD7-0205-49F0-8C40-01D4EE62E294}.Ad-Hoc|iPhoneSimulator.ActiveCfg = Ad-Hoc|iPhoneSimulator
		{8A5FAAD7-0205-49F0-8C40-01D4EE62E294}.Ad-Hoc|iPhoneSimulator.Build.0 = Ad-Hoc|iPhoneSimulator
		{8A5FAAD7-0205-49F0-8C40-01D4EE62E294}.Ad-Hoc|x64.ActiveCfg = Ad-Hoc|iPhone
		{8A5FAAD7-0205-49F0-8C40-01D4EE62E294}.Ad-Hoc|x86.ActiveCfg = Ad-Hoc|iPhone
		{8A5FAAD7-0205-49F0-8C40-01D4EE62E294}.AppStore|Any CPU.ActiveCfg = AppStore|iPhone
		{8A5FAAD7-0205-49F0-8C40-01D4EE62E294}.AppStore|ARM.ActiveCfg = AppStore|iPhone
		{8A5FAAD7-0205-49F0-8C40-01D4EE62E294}.AppStore|iPhone.ActiveCfg = AppStore|iPhone
		{8A5FAAD7-0205-49F0-8C40-01D4EE62E294}.AppStore|iPhone.Build.0 = AppStore|iPhone
		{8A5FAAD7-0205-49F0-8C40-01D4EE62E294}.AppStore|iPhoneSimulator.ActiveCfg = AppStore|iPhoneSimulator
		{8A5FAAD7-0205-49F0-8C40-01D4EE62E294}.AppStore|iPhoneSimulator.Build.0 = AppStore|iPhoneSimulator
		{8A5FAAD7-0205-49F0-8C40-01D4EE62E294}.AppStore|x64.ActiveCfg = AppStore|iPhone
		{8A5FAAD7-0205-49F0-8C40-01D4EE62E294}.AppStore|x86.ActiveCfg = AppStore|iPhone
		{8A5FAAD7-0205-49F0-8C40-01D4EE62E294}.Debug|Any CPU.ActiveCfg = Debug|iPhone
		{8A5FAAD7-0205-49F0-8C40-01D4EE62E294}.Debug|ARM.ActiveCfg = Debug|iPhone
		{8A5FAAD7-0205-49F0-8C40-01D4EE62E294}.Debug|iPhone.ActiveCfg = Debug|iPhone
		{8A5FAAD7-0205-49F0-8C40-01D4EE62E294}.Debug|iPhone.Build.0 = Debug|iPhone
		{8A5FAAD7-0205-49F0-8C40-01D4EE62E294}.Debug|iPhoneSimulator.ActiveCfg = Debug|iPhoneSimulator
		{8A5FAAD7-0205-49F0-8C40-01D4EE62E294}.Debug|iPhoneSimulator.Build.0 = Debug|iPhoneSimulator
		{8A5FAAD7-0205-49F0-8C40-01D4EE62E294}.Debug|x64.ActiveCfg = Debug|iPhone
		{8A5FAAD7-0205-49F0-8C40-01D4EE62E294}.Debug|x86.ActiveCfg = Debug|iPhone
		{8A5FAAD7-0205-49F0-8C40-01D4EE62E294}.Release|Any CPU.ActiveCfg = Release|iPhone
		{8A5FAAD7-0205-49F0-8C40-01D4EE62E294}.Release|ARM.ActiveCfg = Release|iPhone
		{8A5FAAD7-0205-49F0-8C40-01D4EE62E294}.Release|iPhone.ActiveCfg = Release|iPhone
		{8A5FAAD7-0205-49F0-8C40-01D4EE62E294}.Release|iPhone.Build.0 = Release|iPhone
		{8A5FAAD7-0205-49F0-8C40-01D4EE62E294}.Release|iPhoneSimulator.ActiveCfg = Release|iPhoneSimulator
		{8A5FAAD7-0205-49F0-8C40-01D4EE62E294}.Release|iPhoneSimulator.Build.0 = Release|iPhoneSimulator
		{8A5FAAD7-0205-49F0-8C40-01D4EE62E294}.Release|x64.ActiveCfg = Release|iPhone
		{8A5FAAD7-0205-49F0-8C40-01D4EE62E294}.Release|x86.ActiveCfg = Release|iPhone
		{481625F2-D494-4606-9AEE-51726F678808}.Ad-Hoc|Any CPU.ActiveCfg = Release|x86
		{481625F2-D494-4606-9AEE-51726F678808}.Ad-Hoc|Any CPU.Build.0 = Release|x86
		{481625F2-D494-4606-9AEE-51726F678808}.Ad-Hoc|Any CPU.Deploy.0 = Release|x86
		{481625F2-D494-4606-9AEE-51726F678808}.Ad-Hoc|ARM.ActiveCfg = Release|ARM
		{481625F2-D494-4606-9AEE-51726F678808}.Ad-Hoc|ARM.Build.0 = Release|ARM
		{481625F2-D494-4606-9AEE-51726F678808}.Ad-Hoc|ARM.Deploy.0 = Release|ARM
		{481625F2-D494-4606-9AEE-51726F678808}.Ad-Hoc|iPhone.ActiveCfg = Release|x86
		{481625F2-D494-4606-9AEE-51726F678808}.Ad-Hoc|iPhone.Build.0 = Release|x86
		{481625F2-D494-4606-9AEE-51726F678808}.Ad-Hoc|iPhone.Deploy.0 = Release|x86
		{481625F2-D494-4606-9AEE-51726F678808}.Ad-Hoc|iPhoneSimulator.ActiveCfg = Release|x86
		{481625F2-D494-4606-9AEE-51726F678808}.Ad-Hoc|iPhoneSimulator.Build.0 = Release|x86
		{481625F2-D494-4606-9AEE-51726F678808}.Ad-Hoc|iPhoneSimulator.Deploy.0 = Release|x86
		{481625F2-D494-4606-9AEE-51726F678808}.Ad-Hoc|x64.ActiveCfg = Release|x64
		{481625F2-D494-4606-9AEE-51726F678808}.Ad-Hoc|x64.Build.0 = Release|x64
		{481625F2-D494-4606-9AEE-51726F678808}.Ad-Hoc|x64.Deploy.0 = Release|x64
		{481625F2-D494-4606-9AEE-51726F678808}.Ad-Hoc|x86.ActiveCfg = Release|x86
		{481625F2-D494-4606-9AEE-51726F678808}.Ad-Hoc|x86.Build.0 = Release|x86
		{481625F2-D494-4606-9AEE-51726F678808}.Ad-Hoc|x86.Deploy.0 = Release|x86
		{481625F2-D494-4606-9AEE-51726F678808}.AppStore|Any CPU.ActiveCfg = Release|x86
		{481625F2-D494-4606-9AEE-51726F678808}.AppStore|Any CPU.Build.0 = Release|x86
		{481625F2-D494-4606-9AEE-51726F678808}.AppStore|Any CPU.Deploy.0 = Release|x86
		{481625F2-D494-4606-9AEE-51726F678808}.AppStore|ARM.ActiveCfg = Release|ARM
		{481625F2-D494-4606-9AEE-51726F678808}.AppStore|ARM.Build.0 = Release|ARM
		{481625F2-D494-4606-9AEE-51726F678808}.AppStore|ARM.Deploy.0 = Release|ARM
		{481625F2-D494-4606-9AEE-51726F678808}.AppStore|iPhone.ActiveCfg = Release|x86
		{481625F2-D494-4606-9AEE-51726F678808}.AppStore|iPhone.Build.0 = Release|x86
		{481625F2-D494-4606-9AEE-51726F678808}.AppStore|iPhone.Deploy.0 = Release|x86
		{481625F2-D494-4606-9AEE-51726F678808}.AppStore|iPhoneSimulator.ActiveCfg = Release|x86
		{481625F2-D494-4606-9AEE-51726F678808}.AppStore|iPhoneSimulator.Build.0 = Release|x86
		{481625F2-D494-4606-9AEE-51726F678808}.AppStore|iPhoneSimulator.Deploy.0 = Release|x86
		{481625F2-D494-4606-9AEE-51726F678808}.AppStore|x64.ActiveCfg = Release|x64
		{481625F2-D494-4606-9AEE-51726F678808}.AppStore|x64.Build.0 = Release|x64
		{481625F2-D494-4606-9AEE-51726F678808}.AppStore|x64.Deploy.0 = Release|x64
		{481625F2-D494-4606-9AEE-51726F678808}.AppStore|x86.ActiveCfg = Release|x86
		{481625F2-D494-4606-9AEE-51726F678808}.AppStore|x86.Build.0 = Release|x86
		{481625F2-D494-4606-9AEE-51726F678808}.AppStore|x86.Deploy.0 = Release|x86
		{481625F2-D494-4606-9AEE-51726F678808}.Debug|Any CPU.ActiveCfg = Debug|x86
		{481625F2-D494-4606-9AEE-51726F678808}.Debug|ARM.ActiveCfg = Debug|ARM
		{481625F2-D494-4606-9AEE-51726F678808}.Debug|ARM.Build.0 = Debug|ARM
		{481625F2-D494-4606-9AEE-51726F678808}.Debug|ARM.Deploy.0 = Debug|ARM
		{481625F2-D494-4606-9AEE-51726F678808}.Debug|iPhone.ActiveCfg = Debug|x86
		{481625F2-D494-4606-9AEE-51726F678808}.Debug|iPhoneSimulator.ActiveCfg = Debug|x86
		{481625F2-D494-4606-9AEE-51726F678808}.Debug|x64.ActiveCfg = Debug|x64
		{481625F2-D494-4606-9AEE-51726F678808}.Debug|x64.Build.0 = Debug|x64
		{481625F2-D494-4606-9AEE-51726F678808}.Debug|x64.Deploy.0 = Debug|x64
		{481625F2-D494-4606-9AEE-51726F678808}.Debug|x86.ActiveCfg = Debug|x86
		{481625F2-D494-4606-9AEE-51726F678808}.Debug|x86.Build.0 = Debug|x86
		{481625F2-D494-4606-9AEE-51726F678808}.Debug|x86.Deploy.0 = Debug|x86
		{481625F2-D494-4606-9AEE-51726F678808}.Release|Any CPU.ActiveCfg = Release|x86
		{481625F2-D494-4606-9AEE-51726F678808}.Release|ARM.ActiveCfg = Release|ARM
		{481625F2-D494-4606-9AEE-51726F678808}.Release|ARM.Build.0 = Release|ARM
		{481625F2-D494-4606-9AEE-51726F678808}.Release|ARM.Deploy.0 = Release|ARM
		{481625F2-D494-4606-9AEE-51726F678808}.Release|iPhone.ActiveCfg = Release|x86
		{481625F2-D494-4606-9AEE-51726F678808}.Release|iPhoneSimulator.ActiveCfg = Release|x86
		{481625F2-D494-4606-9AEE-51726F678808}.Release|x64.ActiveCfg = Release|x64
		{481625F2-D494-4606-9AEE-51726F678808}.Release|x64.Build.0 = Release|x64
		{481625F2-D494-4606-9AEE-51726F678808}.Release|x64.Deploy.0 = Release|x64
		{481625F2-D494-4606-9AEE-51726F678808}.Release|x86.ActiveCfg = Release|x86
		{481625F2-D494-4606-9AEE-51726F678808}.Release|x86.Build.0 = Release|x86
		{481625F2-D494-4606-9AEE-51726F678808}.Release|x86.Deploy.0 = Release|x86
		{F6B2E2CE-EC1B-45F4-B816-750FFA818C71}.Ad-Hoc|Any CPU.ActiveCfg = Debug|Any CPU
		{F6B2E2CE-EC1B-45F4-B816-750FFA818C71}.Ad-Hoc|Any CPU.Build.0 = Debug|Any CPU
		{F6B2E2CE-EC1B-45F4-B816-750FFA818C71}.Ad-Hoc|ARM.ActiveCfg = Debug|Any CPU
		{F6B2E2CE-EC1B-45F4-B816-750FFA818C71}.Ad-Hoc|ARM.Build.0 = Debug|Any CPU
		{F6B2E2CE-EC1B-45F4-B816-750FFA818C71}.Ad-Hoc|iPhone.ActiveCfg = Debug|Any CPU
		{F6B2E2CE-EC1B-45F4-B816-750FFA818C71}.Ad-Hoc|iPhone.Build.0 = Debug|Any CPU
		{F6B2E2CE-EC1B-45F4-B816-750FFA818C71}.Ad-Hoc|iPhoneSimulator.ActiveCfg = Debug|Any CPU
		{F6B2E2CE-EC1B-45F4-B816-750FFA818C71}.Ad-Hoc|iPhoneSimulator.Build.0 = Debug|Any CPU
		{F6B2E2CE-EC1B-45F4-B816-750FFA818C71}.Ad-Hoc|x64.ActiveCfg = Debug|Any CPU
		{F6B2E2CE-EC1B-45F4-B816-750FFA818C71}.Ad-Hoc|x64.Build.0 = Debug|Any CPU
		{F6B2E2CE-EC1B-45F4-B816-750FFA818C71}.Ad-Hoc|x86.ActiveCfg = Debug|Any CPU
		{F6B2E2CE-EC1B-45F4-B816-750FFA818C71}.Ad-Hoc|x86.Build.0 = Debug|Any CPU
		{F6B2E2CE-EC1B-45F4-B816-750FFA818C71}.AppStore|Any CPU.ActiveCfg = Debug|Any CPU
		{F6B2E2CE-EC1B-45F4-B816-750FFA818C71}.AppStore|Any CPU.Build.0 = Debug|Any CPU
		{F6B2E2CE-EC1B-45F4-B816-750FFA818C71}.AppStore|ARM.ActiveCfg = Debug|Any CPU
		{F6B2E2CE-EC1B-45F4-B816-750FFA818C71}.AppStore|ARM.Build.0 = Debug|Any CPU
		{F6B2E2CE-EC1B-45F4-B816-750FFA818C71}.AppStore|iPhone.ActiveCfg = Debug|Any CPU
		{F6B2E2CE-EC1B-45F4-B816-750FFA818C71}.AppStore|iPhone.Build.0 = Debug|Any CPU
		{F6B2E2CE-EC1B-45F4-B816-750FFA818C71}.AppStore|iPhoneSimulator.ActiveCfg = Debug|Any CPU
		{F6B2E2CE-EC1B-45F4-B816-750FFA818C71}.AppStore|iPhoneSimulator.Build.0 = Debug|Any CPU
		{F6B2E2CE-EC1B-45F4-B816-750FFA818C71}.AppStore|x64.ActiveCfg = Debug|Any CPU
		{F6B2E2CE-EC1B-45F4-B816-750FFA818C71}.AppStore|x64.Build.0 = Debug|Any CPU
		{F6B2E2CE-EC1B-45F4-B816-750FFA818C71}.AppStore|x86.ActiveCfg = Debug|Any CPU
		{F6B2E2CE-EC1B-45F4-B816-750FFA818C71}.AppStore|x86.Build.0 = Debug|Any CPU
		{F6B2E2CE-EC1B-45F4-B816-750FFA818C71}.Debug|Any CPU.ActiveCfg = Debug|Any CPU
		{F6B2E2CE-EC1B-45F4-B816-750FFA818C71}.Debug|Any CPU.Build.0 = Debug|Any CPU
		{F6B2E2CE-EC1B-45F4-B816-750FFA818C71}.Debug|ARM.ActiveCfg = Debug|Any CPU
		{F6B2E2CE-EC1B-45F4-B816-750FFA818C71}.Debug|ARM.Build.0 = Debug|Any CPU
		{F6B2E2CE-EC1B-45F4-B816-750FFA818C71}.Debug|iPhone.ActiveCfg = Debug|Any CPU
		{F6B2E2CE-EC1B-45F4-B816-750FFA818C71}.Debug|iPhone.Build.0 = Debug|Any CPU
		{F6B2E2CE-EC1B-45F4-B816-750FFA818C71}.Debug|iPhoneSimulator.ActiveCfg = Debug|Any CPU
		{F6B2E2CE-EC1B-45F4-B816-750FFA818C71}.Debug|iPhoneSimulator.Build.0 = Debug|Any CPU
		{F6B2E2CE-EC1B-45F4-B816-750FFA818C71}.Debug|x64.ActiveCfg = Debug|Any CPU
		{F6B2E2CE-EC1B-45F4-B816-750FFA818C71}.Debug|x64.Build.0 = Debug|Any CPU
		{F6B2E2CE-EC1B-45F4-B816-750FFA818C71}.Debug|x86.ActiveCfg = Debug|Any CPU
		{F6B2E2CE-EC1B-45F4-B816-750FFA818C71}.Debug|x86.Build.0 = Debug|Any CPU
		{F6B2E2CE-EC1B-45F4-B816-750FFA818C71}.Release|Any CPU.ActiveCfg = Release|Any CPU
		{F6B2E2CE-EC1B-45F4-B816-750FFA818C71}.Release|Any CPU.Build.0 = Release|Any CPU
		{F6B2E2CE-EC1B-45F4-B816-750FFA818C71}.Release|ARM.ActiveCfg = Release|Any CPU
		{F6B2E2CE-EC1B-45F4-B816-750FFA818C71}.Release|ARM.Build.0 = Release|Any CPU
		{F6B2E2CE-EC1B-45F4-B816-750FFA818C71}.Release|iPhone.ActiveCfg = Release|Any CPU
		{F6B2E2CE-EC1B-45F4-B816-750FFA818C71}.Release|iPhone.Build.0 = Release|Any CPU
		{F6B2E2CE-EC1B-45F4-B816-750FFA818C71}.Release|iPhoneSimulator.ActiveCfg = Release|Any CPU
		{F6B2E2CE-EC1B-45F4-B816-750FFA818C71}.Release|iPhoneSimulator.Build.0 = Release|Any CPU
		{F6B2E2CE-EC1B-45F4-B816-750FFA818C71}.Release|x64.ActiveCfg = Release|Any CPU
		{F6B2E2CE-EC1B-45F4-B816-750FFA818C71}.Release|x64.Build.0 = Release|Any CPU
		{F6B2E2CE-EC1B-45F4-B816-750FFA818C71}.Release|x86.ActiveCfg = Release|Any CPU
		{F6B2E2CE-EC1B-45F4-B816-750FFA818C71}.Release|x86.Build.0 = Release|Any CPU
	EndGlobalSection
	GlobalSection(SolutionProperties) = preSolution
		HideSolutionNode = FALSE
	EndGlobalSection
	GlobalSection(ExtensibilityGlobals) = postSolution
		SolutionGuid = {BEF88FE3-6631-4DAB-9A3E-EE39CA1CD9B1}
	EndGlobalSection
EndGlobal
